
Microsoft Visual Studio Solution File, Format Version 12.00
# Visual Studio 14
VisualStudioVersion = 14.0.23107.0
MinimumVisualStudioVersion = 10.0.40219.1
Project("{F2A71F9B-5D33-465A-A702-920D77279786}") = "DEV207.1x", "DEV207.1x\DEV207.1x.fsproj", "{E87C882A-0384-415C-8388-DBDD1AB7DBDC}"
EndProject
Project("{F2A71F9B-5D33-465A-A702-920D77279786}") = "HWIntroductionKoan", "HWIntroductionKoan\HWIntroductionKoan.fsproj", "{EFF82C67-3251-4C4A-B651-A16F8B0B964D}"
EndProject
Project("{F2A71F9B-5D33-465A-A702-920D77279786}") = "HWIntroductionProblem", "HWIntroductionProblem\HWIntroductionProblem.fsproj", "{DA501696-579F-43C4-AF6E-FD7395DD7E48}"
EndProject
Project("{F2A71F9B-5D33-465A-A702-920D77279786}") = "HP2Task1", "..\HP2Task1\HP2Task1\HP2Task1.fsproj", "{053FA870-0285-41AF-81FE-F14B3369472F}"
EndProject
Project("{F2A71F9B-5D33-465A-A702-920D77279786}") = "HWConditionalsAndLoops", "HWConditionalsAndLoops\HWConditionalsAndLoops.fsproj", "{F1E74090-2D43-4165-8508-341C9B597728}"
EndProject
Global
	GlobalSection(SolutionConfigurationPlatforms) = preSolution
		Debug|Any CPU = Debug|Any CPU
		Release|Any CPU = Release|Any CPU
	EndGlobalSection
	GlobalSection(ProjectConfigurationPlatforms) = postSolution
		{E87C882A-0384-415C-8388-DBDD1AB7DBDC}.Debug|Any CPU.ActiveCfg = Debug|Any CPU
		{E87C882A-0384-415C-8388-DBDD1AB7DBDC}.Debug|Any CPU.Build.0 = Debug|Any CPU
		{E87C882A-0384-415C-8388-DBDD1AB7DBDC}.Release|Any CPU.ActiveCfg = Release|Any CPU
		{E87C882A-0384-415C-8388-DBDD1AB7DBDC}.Release|Any CPU.Build.0 = Release|Any CPU
		{EFF82C67-3251-4C4A-B651-A16F8B0B964D}.Debug|Any CPU.ActiveCfg = Debug|Any CPU
		{EFF82C67-3251-4C4A-B651-A16F8B0B964D}.Debug|Any CPU.Build.0 = Debug|Any CPU
		{EFF82C67-3251-4C4A-B651-A16F8B0B964D}.Release|Any CPU.ActiveCfg = Release|Any CPU
		{EFF82C67-3251-4C4A-B651-A16F8B0B964D}.Release|Any CPU.Build.0 = Release|Any CPU
		{DA501696-579F-43C4-AF6E-FD7395DD7E48}.Debug|Any CPU.ActiveCfg = Debug|Any CPU
		{DA501696-579F-43C4-AF6E-FD7395DD7E48}.Debug|Any CPU.Build.0 = Debug|Any CPU
		{DA501696-579F-43C4-AF6E-FD7395DD7E48}.Release|Any CPU.ActiveCfg = Release|Any CPU
		{DA501696-579F-43C4-AF6E-FD7395DD7E48}.Release|Any CPU.Build.0 = Release|Any CPU
		{053FA870-0285-41AF-81FE-F14B3369472F}.Debug|Any CPU.ActiveCfg = Debug|Any CPU
		{053FA870-0285-41AF-81FE-F14B3369472F}.Debug|Any CPU.Build.0 = Debug|Any CPU
		{053FA870-0285-41AF-81FE-F14B3369472F}.Release|Any CPU.ActiveCfg = Release|Any CPU
		{053FA870-0285-41AF-81FE-F14B3369472F}.Release|Any CPU.Build.0 = Release|Any CPU
		{F1E74090-2D43-4165-8508-341C9B597728}.Debug|Any CPU.ActiveCfg = Debug|Any CPU
		{F1E74090-2D43-4165-8508-341C9B597728}.Debug|Any CPU.Build.0 = Debug|Any CPU
		{F1E74090-2D43-4165-8508-341C9B597728}.Release|Any CPU.ActiveCfg = Release|Any CPU
		{F1E74090-2D43-4165-8508-341C9B597728}.Release|Any CPU.Build.0 = Release|Any CPU
	EndGlobalSection
	GlobalSection(SolutionProperties) = preSolution
		HideSolutionNode = FALSE
	EndGlobalSection
EndGlobal
